// !$*UTF8*$!
{
	archiveVersion = 1;
	classes = {
	};
	objectVersion = 48;
	objects = {

/* Begin PBXBuildFile section */
		B33B98A52044C237000712A6 /* TDLib.framework in Frameworks */ = {isa = PBXBuildFile; fileRef = B33B989B2044C237000712A6 /* TDLib.framework */; };
		B33B98AA2044C237000712A6 /* TDLibTests.swift in Sources */ = {isa = PBXBuildFile; fileRef = B33B98A92044C237000712A6 /* TDLibTests.swift */; };
		B33B98AC2044C237000712A6 /* TDLib.h in Headers */ = {isa = PBXBuildFile; fileRef = B33B989E2044C237000712A6 /* TDLib.h */; settings = {ATTRIBUTES = (Public, ); }; };
		B33B98CD2044C273000712A6 /* libc++.tbd in Frameworks */ = {isa = PBXBuildFile; fileRef = B33B98CC2044C273000712A6 /* libc++.tbd */; };
		B33B98CF2044C282000712A6 /* libz.tbd in Frameworks */ = {isa = PBXBuildFile; fileRef = B33B98CE2044C282000712A6 /* libz.tbd */; };
		B33B98D12044C37B000712A6 /* TDJsonClient.swift in Sources */ = {isa = PBXBuildFile; fileRef = B33B98D02044C37B000712A6 /* TDJsonClient.swift */; };
		B33B99392044C7A4000712A6 /* tdjson_export.h in Headers */ = {isa = PBXBuildFile; fileRef = B33B98D82044C7A4000712A6 /* tdjson_export.h */; };
		B33B993A2044C7A4000712A6 /* td_json_client.h in Headers */ = {isa = PBXBuildFile; fileRef = B33B98D92044C7A4000712A6 /* td_json_client.h */; };
		B34B0C712045F0EC002EF419 /* libtdsqlite.a in Frameworks */ = {isa = PBXBuildFile; fileRef = B34B0C662045F0E7002EF419 /* libtdsqlite.a */; };
		B34B0C722045F0EC002EF419 /* libtdactor.a in Frameworks */ = {isa = PBXBuildFile; fileRef = B34B0C672045F0E7002EF419 /* libtdactor.a */; };
		B34B0C732045F0EC002EF419 /* libtddb.a in Frameworks */ = {isa = PBXBuildFile; fileRef = B34B0C682045F0E7002EF419 /* libtddb.a */; };
		B34B0C752045F0EC002EF419 /* libtdcore.a in Frameworks */ = {isa = PBXBuildFile; fileRef = B34B0C6A2045F0EA002EF419 /* libtdcore.a */; };
		B34B0C762045F0EC002EF419 /* libtdnet.a in Frameworks */ = {isa = PBXBuildFile; fileRef = B34B0C6B2045F0EB002EF419 /* libtdnet.a */; };
		B34B0C772045F0EC002EF419 /* libtdjson_static.a in Frameworks */ = {isa = PBXBuildFile; fileRef = B34B0C6C2045F0EB002EF419 /* libtdjson_static.a */; };
		B34B0C782045F0EC002EF419 /* libtdtl.a in Frameworks */ = {isa = PBXBuildFile; fileRef = B34B0C6D2045F0EB002EF419 /* libtdtl.a */; };
		B34B0C792045F0EC002EF419 /* libtdutils.a in Frameworks */ = {isa = PBXBuildFile; fileRef = B34B0C6E2045F0EB002EF419 /* libtdutils.a */; };
		B34B0C7A2045F0EC002EF419 /* libtdclient.a in Frameworks */ = {isa = PBXBuildFile; fileRef = B34B0C6F2045F0EB002EF419 /* libtdclient.a */; };
		B34B0C7B2045F0EC002EF419 /* libtdjson_private.a in Frameworks */ = {isa = PBXBuildFile; fileRef = B34B0C702045F0EC002EF419 /* libtdjson_private.a */; };
		B34B0C7E2045F17E002EF419 /* libcrypto.a in Frameworks */ = {isa = PBXBuildFile; fileRef = B34B0C7C2045F17D002EF419 /* libcrypto.a */; };
		B34B0C7F2045F17E002EF419 /* libssl.a in Frameworks */ = {isa = PBXBuildFile; fileRef = B34B0C7D2045F17E002EF419 /* libssl.a */; };
		B34B0C802045F68F002EF419 /* libmemprof.a in Frameworks */ = {isa = PBXBuildFile; fileRef = B34B0C692045F0E7002EF419 /* libmemprof.a */; };
/* End PBXBuildFile section */

/* Begin PBXContainerItemProxy section */
		B33B98A62044C237000712A6 /* PBXContainerItemProxy */ = {
			isa = PBXContainerItemProxy;
			containerPortal = B33B98922044C237000712A6 /* Project object */;
			proxyType = 1;
			remoteGlobalIDString = B33B989A2044C237000712A6;
			remoteInfo = TDLib;
		};
/* End PBXContainerItemProxy section */

/* Begin PBXFileReference section */
		B33B989B2044C237000712A6 /* TDLib.framework */ = {isa = PBXFileReference; explicitFileType = wrapper.framework; includeInIndex = 0; path = TDLib.framework; sourceTree = BUILT_PRODUCTS_DIR; };
		B33B989E2044C237000712A6 /* TDLib.h */ = {isa = PBXFileReference; lastKnownFileType = sourcecode.c.h; path = TDLib.h; sourceTree = "<group>"; };
		B33B989F2044C237000712A6 /* Info.plist */ = {isa = PBXFileReference; lastKnownFileType = text.plist.xml; path = Info.plist; sourceTree = "<group>"; };
		B33B98A42044C237000712A6 /* TDLibTests.xctest */ = {isa = PBXFileReference; explicitFileType = wrapper.cfbundle; includeInIndex = 0; path = TDLibTests.xctest; sourceTree = BUILT_PRODUCTS_DIR; };
		B33B98A92044C237000712A6 /* TDLibTests.swift */ = {isa = PBXFileReference; lastKnownFileType = sourcecode.swift; path = TDLibTests.swift; sourceTree = "<group>"; };
		B33B98AB2044C237000712A6 /* Info.plist */ = {isa = PBXFileReference; lastKnownFileType = text.plist.xml; path = Info.plist; sourceTree = "<group>"; };
		B33B98CC2044C273000712A6 /* libc++.tbd */ = {isa = PBXFileReference; lastKnownFileType = "sourcecode.text-based-dylib-definition"; name = "libc++.tbd"; path = "usr/lib/libc++.tbd"; sourceTree = SDKROOT; };
		B33B98CE2044C282000712A6 /* libz.tbd */ = {isa = PBXFileReference; lastKnownFileType = "sourcecode.text-based-dylib-definition"; name = libz.tbd; path = usr/lib/libz.tbd; sourceTree = SDKROOT; };
		B33B98D02044C37B000712A6 /* TDJsonClient.swift */ = {isa = PBXFileReference; lastKnownFileType = sourcecode.swift; path = TDJsonClient.swift; sourceTree = "<group>"; };
		B33B98D82044C7A4000712A6 /* tdjson_export.h */ = {isa = PBXFileReference; fileEncoding = 4; lastKnownFileType = sourcecode.c.h; path = tdjson_export.h; sourceTree = "<group>"; };
		B33B98D92044C7A4000712A6 /* td_json_client.h */ = {isa = PBXFileReference; fileEncoding = 4; lastKnownFileType = sourcecode.c.h; path = td_json_client.h; sourceTree = "<group>"; };
		B33B99362044C7A4000712A6 /* module.modulemap */ = {isa = PBXFileReference; fileEncoding = 4; lastKnownFileType = "sourcecode.module-map"; path = module.modulemap; sourceTree = "<group>"; };
		B34B0C662045F0E7002EF419 /* libtdsqlite.a */ = {isa = PBXFileReference; lastKnownFileType = archive.ar; path = libtdsqlite.a; sourceTree = "<group>"; };
		B34B0C672045F0E7002EF419 /* libtdactor.a */ = {isa = PBXFileReference; lastKnownFileType = archive.ar; path = libtdactor.a; sourceTree = "<group>"; };
		B34B0C682045F0E7002EF419 /* libtddb.a */ = {isa = PBXFileReference; lastKnownFileType = archive.ar; path = libtddb.a; sourceTree = "<group>"; };
		B34B0C692045F0E7002EF419 /* libmemprof.a */ = {isa = PBXFileReference; lastKnownFileType = archive.ar; path = libmemprof.a; sourceTree = "<group>"; };
		B34B0C6A2045F0EA002EF419 /* libtdcore.a */ = {isa = PBXFileReference; lastKnownFileType = archive.ar; path = libtdcore.a; sourceTree = "<group>"; };
		B34B0C6B2045F0EB002EF419 /* libtdnet.a */ = {isa = PBXFileReference; lastKnownFileType = archive.ar; path = libtdnet.a; sourceTree = "<group>"; };
		B34B0C6C2045F0EB002EF419 /* libtdjson_static.a */ = {isa = PBXFileReference; lastKnownFileType = archive.ar; path = libtdjson_static.a; sourceTree = "<group>"; };
		B34B0C6D2045F0EB002EF419 /* libtdtl.a */ = {isa = PBXFileReference; lastKnownFileType = archive.ar; path = libtdtl.a; sourceTree = "<group>"; };
		B34B0C6E2045F0EB002EF419 /* libtdutils.a */ = {isa = PBXFileReference; lastKnownFileType = archive.ar; path = libtdutils.a; sourceTree = "<group>"; };
		B34B0C6F2045F0EB002EF419 /* libtdclient.a */ = {isa = PBXFileReference; lastKnownFileType = archive.ar; path = libtdclient.a; sourceTree = "<group>"; };
		B34B0C702045F0EC002EF419 /* libtdjson_private.a */ = {isa = PBXFileReference; lastKnownFileType = archive.ar; path = libtdjson_private.a; sourceTree = "<group>"; };
		B34B0C7C2045F17D002EF419 /* libcrypto.a */ = {isa = PBXFileReference; lastKnownFileType = archive.ar; path = libcrypto.a; sourceTree = "<group>"; };
		B34B0C7D2045F17E002EF419 /* libssl.a */ = {isa = PBXFileReference; lastKnownFileType = archive.ar; path = libssl.a; sourceTree = "<group>"; };
/* End PBXFileReference section */

/* Begin PBXFrameworksBuildPhase section */
		B33B98972044C237000712A6 /* Frameworks */ = {
			isa = PBXFrameworksBuildPhase;
			buildActionMask = 2147483647;
			files = (
				B33B98CF2044C282000712A6 /* libz.tbd in Frameworks */,
				B34B0C752045F0EC002EF419 /* libtdcore.a in Frameworks */,
				B34B0C712045F0EC002EF419 /* libtdsqlite.a in Frameworks */,
				B33B98CD2044C273000712A6 /* libc++.tbd in Frameworks */,
				B34B0C732045F0EC002EF419 /* libtddb.a in Frameworks */,
				B34B0C7F2045F17E002EF419 /* libssl.a in Frameworks */,
				B34B0C7B2045F0EC002EF419 /* libtdjson_private.a in Frameworks */,
				B34B0C7E2045F17E002EF419 /* libcrypto.a in Frameworks */,
				B34B0C722045F0EC002EF419 /* libtdactor.a in Frameworks */,
				B34B0C782045F0EC002EF419 /* libtdtl.a in Frameworks */,
				B34B0C762045F0EC002EF419 /* libtdnet.a in Frameworks */,
				B34B0C772045F0EC002EF419 /* libtdjson_static.a in Frameworks */,
				B34B0C7A2045F0EC002EF419 /* libtdclient.a in Frameworks */,
				B34B0C802045F68F002EF419 /* libmemprof.a in Frameworks */,
				B34B0C792045F0EC002EF419 /* libtdutils.a in Frameworks */,
			);
			runOnlyForDeploymentPostprocessing = 0;
		};
		B33B98A12044C237000712A6 /* Frameworks */ = {
			isa = PBXFrameworksBuildPhase;
			buildActionMask = 2147483647;
			files = (
				B33B98A52044C237000712A6 /* TDLib.framework in Frameworks */,
			);
			runOnlyForDeploymentPostprocessing = 0;
		};
/* End PBXFrameworksBuildPhase section */

/* Begin PBXGroup section */
		B33B98912044C237000712A6 = {
			isa = PBXGroup;
			children = (
				B33B989D2044C237000712A6 /* TDLib */,
				B33B98A82044C237000712A6 /* TDLibTests */,
				B33B989C2044C237000712A6 /* Products */,
				B33B98B52044C265000712A6 /* Frameworks */,
			);
			sourceTree = "<group>";
		};
		B33B989C2044C237000712A6 /* Products */ = {
			isa = PBXGroup;
			children = (
				B33B989B2044C237000712A6 /* TDLib.framework */,
				B33B98A42044C237000712A6 /* TDLibTests.xctest */,
			);
			name = Products;
			sourceTree = "<group>";
		};
		B33B989D2044C237000712A6 /* TDLib */ = {
			isa = PBXGroup;
			children = (
				B33B989E2044C237000712A6 /* TDLib.h */,
				B33B98D02044C37B000712A6 /* TDJsonClient.swift */,
				B33B989F2044C237000712A6 /* Info.plist */,
			);
			path = TDLib;
			sourceTree = "<group>";
		};
		B33B98A82044C237000712A6 /* TDLibTests */ = {
			isa = PBXGroup;
			children = (
				B33B98A92044C237000712A6 /* TDLibTests.swift */,
				B33B98AB2044C237000712A6 /* Info.plist */,
			);
			path = TDLibTests;
			sourceTree = "<group>";
		};
		B33B98B52044C265000712A6 /* Frameworks */ = {
			isa = PBXGroup;
			children = (
				B33B98CE2044C282000712A6 /* libz.tbd */,
				B33B98CC2044C273000712A6 /* libc++.tbd */,
				B33B98D32044C7A4000712A6 /* lib */,
			);
			name = Frameworks;
			sourceTree = "<group>";
		};
		B33B98D32044C7A4000712A6 /* lib */ = {
			isa = PBXGroup;
			children = (
				B33B98D42044C7A4000712A6 /* include */,
				B33B992B2044C7A4000712A6 /* lib */,
			);
			path = lib;
			sourceTree = "<group>";
		};
		B33B98D42044C7A4000712A6 /* include */ = {
			isa = PBXGroup;
			children = (
				B33B98D82044C7A4000712A6 /* tdjson_export.h */,
				B33B98D92044C7A4000712A6 /* td_json_client.h */,
			);
			path = include;
			sourceTree = "<group>";
		};
		B33B992B2044C7A4000712A6 /* lib */ = {
			isa = PBXGroup;
			children = (
				B33B99362044C7A4000712A6 /* module.modulemap */,
				B34B0C692045F0E7002EF419 /* libmemprof.a */,
				B34B0C672045F0E7002EF419 /* libtdactor.a */,
				B34B0C6F2045F0EB002EF419 /* libtdclient.a */,
				B34B0C6A2045F0EA002EF419 /* libtdcore.a */,
				B34B0C682045F0E7002EF419 /* libtddb.a */,
				B34B0C702045F0EC002EF419 /* libtdjson_private.a */,
				B34B0C6C2045F0EB002EF419 /* libtdjson_static.a */,
				B34B0C6B2045F0EB002EF419 /* libtdnet.a */,
				B34B0C662045F0E7002EF419 /* libtdsqlite.a */,
				B34B0C6D2045F0EB002EF419 /* libtdtl.a */,
				B34B0C6E2045F0EB002EF419 /* libtdutils.a */,
				B34B0C7C2045F17D002EF419 /* libcrypto.a */,
				B34B0C7D2045F17E002EF419 /* libssl.a */,
			);
			path = lib;
			sourceTree = "<group>";
		};
/* End PBXGroup section */

/* Begin PBXHeadersBuildPhase section */
		B33B98982044C237000712A6 /* Headers */ = {
			isa = PBXHeadersBuildPhase;
			buildActionMask = 2147483647;
			files = (
				B33B98AC2044C237000712A6 /* TDLib.h in Headers */,
				B33B993A2044C7A4000712A6 /* td_json_client.h in Headers */,
				B33B99392044C7A4000712A6 /* tdjson_export.h in Headers */,
			);
			runOnlyForDeploymentPostprocessing = 0;
		};
/* End PBXHeadersBuildPhase section */

/* Begin PBXNativeTarget section */
		B33B989A2044C237000712A6 /* TDLib */ = {
			isa = PBXNativeTarget;
			buildConfigurationList = B33B98AF2044C237000712A6 /* Build configuration list for PBXNativeTarget "TDLib" */;
			buildPhases = (
				B33B98962044C237000712A6 /* Sources */,
				B33B98972044C237000712A6 /* Frameworks */,
				B33B98982044C237000712A6 /* Headers */,
				B33B98992044C237000712A6 /* Resources */,
			);
			buildRules = (
			);
			dependencies = (
			);
			name = TDLib;
			productName = TDLib;
			productReference = B33B989B2044C237000712A6 /* TDLib.framework */;
			productType = "com.apple.product-type.framework";
		};
		B33B98A32044C237000712A6 /* TDLibTests */ = {
			isa = PBXNativeTarget;
			buildConfigurationList = B33B98B22044C237000712A6 /* Build configuration list for PBXNativeTarget "TDLibTests" */;
			buildPhases = (
				B33B98A02044C237000712A6 /* Sources */,
				B33B98A12044C237000712A6 /* Frameworks */,
				B33B98A22044C237000712A6 /* Resources */,
			);
			buildRules = (
			);
			dependencies = (
				B33B98A72044C237000712A6 /* PBXTargetDependency */,
			);
			name = TDLibTests;
			productName = TDLibTests;
			productReference = B33B98A42044C237000712A6 /* TDLibTests.xctest */;
			productType = "com.apple.product-type.bundle.unit-test";
		};
/* End PBXNativeTarget section */

/* Begin PBXProject section */
		B33B98922044C237000712A6 /* Project object */ = {
			isa = PBXProject;
			attributes = {
				LastSwiftUpdateCheck = 0910;
				LastUpgradeCheck = 0910;
				ORGANIZATIONNAME = "Leo Mehlig";
				TargetAttributes = {
					B33B989A2044C237000712A6 = {
						CreatedOnToolsVersion = 9.1;
						LastSwiftMigration = 0910;
						ProvisioningStyle = Automatic;
					};
					B33B98A32044C237000712A6 = {
						CreatedOnToolsVersion = 9.1;
						ProvisioningStyle = Automatic;
					};
				};
			};
			buildConfigurationList = B33B98952044C237000712A6 /* Build configuration list for PBXProject "TDLib" */;
			compatibilityVersion = "Xcode 8.0";
			developmentRegion = en;
			hasScannedForEncodings = 0;
			knownRegions = (
				en,
			);
			mainGroup = B33B98912044C237000712A6;
			productRefGroup = B33B989C2044C237000712A6 /* Products */;
			projectDirPath = "";
			projectRoot = "";
			targets = (
				B33B989A2044C237000712A6 /* TDLib */,
				B33B98A32044C237000712A6 /* TDLibTests */,
			);
		};
/* End PBXProject section */

/* Begin PBXResourcesBuildPhase section */
		B33B98992044C237000712A6 /* Resources */ = {
			isa = PBXResourcesBuildPhase;
			buildActionMask = 2147483647;
			files = (
			);
			runOnlyForDeploymentPostprocessing = 0;
		};
		B33B98A22044C237000712A6 /* Resources */ = {
			isa = PBXResourcesBuildPhase;
			buildActionMask = 2147483647;
			files = (
			);
			runOnlyForDeploymentPostprocessing = 0;
		};
/* End PBXResourcesBuildPhase section */

/* Begin PBXSourcesBuildPhase section */
		B33B98962044C237000712A6 /* Sources */ = {
			isa = PBXSourcesBuildPhase;
			buildActionMask = 2147483647;
			files = (
				B33B98D12044C37B000712A6 /* TDJsonClient.swift in Sources */,
			);
			runOnlyForDeploymentPostprocessing = 0;
		};
		B33B98A02044C237000712A6 /* Sources */ = {
			isa = PBXSourcesBuildPhase;
			buildActionMask = 2147483647;
			files = (
				B33B98AA2044C237000712A6 /* TDLibTests.swift in Sources */,
			);
			runOnlyForDeploymentPostprocessing = 0;
		};
/* End PBXSourcesBuildPhase section */

/* Begin PBXTargetDependency section */
		B33B98A72044C237000712A6 /* PBXTargetDependency */ = {
			isa = PBXTargetDependency;
			target = B33B989A2044C237000712A6 /* TDLib */;
			targetProxy = B33B98A62044C237000712A6 /* PBXContainerItemProxy */;
		};
/* End PBXTargetDependency section */

/* Begin XCBuildConfiguration section */
		B33B98AD2044C237000712A6 /* Debug */ = {
			isa = XCBuildConfiguration;
			buildSettings = {
				ALWAYS_SEARCH_USER_PATHS = NO;
				CLANG_ANALYZER_NONNULL = YES;
				CLANG_ANALYZER_NUMBER_OBJECT_CONVERSION = YES_AGGRESSIVE;
				CLANG_CXX_LANGUAGE_STANDARD = "gnu++14";
				CLANG_CXX_LIBRARY = "libc++";
				CLANG_ENABLE_MODULES = YES;
				CLANG_ENABLE_OBJC_ARC = YES;
				CLANG_WARN_BLOCK_CAPTURE_AUTORELEASING = YES;
				CLANG_WARN_BOOL_CONVERSION = YES;
				CLANG_WARN_COMMA = YES;
				CLANG_WARN_CONSTANT_CONVERSION = YES;
				CLANG_WARN_DIRECT_OBJC_ISA_USAGE = YES_ERROR;
				CLANG_WARN_DOCUMENTATION_COMMENTS = YES;
				CLANG_WARN_EMPTY_BODY = YES;
				CLANG_WARN_ENUM_CONVERSION = YES;
				CLANG_WARN_INFINITE_RECURSION = YES;
				CLANG_WARN_INT_CONVERSION = YES;
				CLANG_WARN_NON_LITERAL_NULL_CONVERSION = YES;
				CLANG_WARN_OBJC_LITERAL_CONVERSION = YES;
				CLANG_WARN_OBJC_ROOT_CLASS = YES_ERROR;
				CLANG_WARN_RANGE_LOOP_ANALYSIS = YES;
				CLANG_WARN_STRICT_PROTOTYPES = YES;
				CLANG_WARN_SUSPICIOUS_MOVE = YES;
				CLANG_WARN_UNGUARDED_AVAILABILITY = YES_AGGRESSIVE;
				CLANG_WARN_UNREACHABLE_CODE = YES;
				CLANG_WARN__DUPLICATE_METHOD_MATCH = YES;
				CODE_SIGN_IDENTITY = "iPhone Developer";
				COPY_PHASE_STRIP = NO;
				CURRENT_PROJECT_VERSION = 1;
				DEBUG_INFORMATION_FORMAT = dwarf;
				ENABLE_STRICT_OBJC_MSGSEND = YES;
				ENABLE_TESTABILITY = YES;
				GCC_C_LANGUAGE_STANDARD = gnu11;
				GCC_DYNAMIC_NO_PIC = NO;
				GCC_NO_COMMON_BLOCKS = YES;
				GCC_OPTIMIZATION_LEVEL = 0;
				GCC_PREPROCESSOR_DEFINITIONS = (
					"DEBUG=1",
					"$(inherited)",
				);
				GCC_WARN_64_TO_32_BIT_CONVERSION = YES;
				GCC_WARN_ABOUT_RETURN_TYPE = YES_ERROR;
				GCC_WARN_UNDECLARED_SELECTOR = YES;
				GCC_WARN_UNINITIALIZED_AUTOS = YES_AGGRESSIVE;
				GCC_WARN_UNUSED_FUNCTION = YES;
				GCC_WARN_UNUSED_VARIABLE = YES;
				IPHONEOS_DEPLOYMENT_TARGET = 11.1;
				MTL_ENABLE_DEBUG_INFO = YES;
				ONLY_ACTIVE_ARCH = YES;
				SDKROOT = iphoneos;
				SWIFT_ACTIVE_COMPILATION_CONDITIONS = DEBUG;
				SWIFT_OPTIMIZATION_LEVEL = "-Onone";
				VERSIONING_SYSTEM = "apple-generic";
				VERSION_INFO_PREFIX = "";
			};
			name = Debug;
		};
		B33B98AE2044C237000712A6 /* Release */ = {
			isa = XCBuildConfiguration;
			buildSettings = {
				ALWAYS_SEARCH_USER_PATHS = NO;
				CLANG_ANALYZER_NONNULL = YES;
				CLANG_ANALYZER_NUMBER_OBJECT_CONVERSION = YES_AGGRESSIVE;
				CLANG_CXX_LANGUAGE_STANDARD = "gnu++14";
				CLANG_CXX_LIBRARY = "libc++";
				CLANG_ENABLE_MODULES = YES;
				CLANG_ENABLE_OBJC_ARC = YES;
				CLANG_WARN_BLOCK_CAPTURE_AUTORELEASING = YES;
				CLANG_WARN_BOOL_CONVERSION = YES;
				CLANG_WARN_COMMA = YES;
				CLANG_WARN_CONSTANT_CONVERSION = YES;
				CLANG_WARN_DIRECT_OBJC_ISA_USAGE = YES_ERROR;
				CLANG_WARN_DOCUMENTATION_COMMENTS = YES;
				CLANG_WARN_EMPTY_BODY = YES;
				CLANG_WARN_ENUM_CONVERSION = YES;
				CLANG_WARN_INFINITE_RECURSION = YES;
				CLANG_WARN_INT_CONVERSION = YES;
				CLANG_WARN_NON_LITERAL_NULL_CONVERSION = YES;
				CLANG_WARN_OBJC_LITERAL_CONVERSION = YES;
				CLANG_WARN_OBJC_ROOT_CLASS = YES_ERROR;
				CLANG_WARN_RANGE_LOOP_ANALYSIS = YES;
				CLANG_WARN_STRICT_PROTOTYPES = YES;
				CLANG_WARN_SUSPICIOUS_MOVE = YES;
				CLANG_WARN_UNGUARDED_AVAILABILITY = YES_AGGRESSIVE;
				CLANG_WARN_UNREACHABLE_CODE = YES;
				CLANG_WARN__DUPLICATE_METHOD_MATCH = YES;
				CODE_SIGN_IDENTITY = "iPhone Developer";
				COPY_PHASE_STRIP = NO;
				CURRENT_PROJECT_VERSION = 1;
				DEBUG_INFORMATION_FORMAT = "dwarf-with-dsym";
				ENABLE_NS_ASSERTIONS = NO;
				ENABLE_STRICT_OBJC_MSGSEND = YES;
				GCC_C_LANGUAGE_STANDARD = gnu11;
				GCC_NO_COMMON_BLOCKS = YES;
				GCC_WARN_64_TO_32_BIT_CONVERSION = YES;
				GCC_WARN_ABOUT_RETURN_TYPE = YES_ERROR;
				GCC_WARN_UNDECLARED_SELECTOR = YES;
				GCC_WARN_UNINITIALIZED_AUTOS = YES_AGGRESSIVE;
				GCC_WARN_UNUSED_FUNCTION = YES;
				GCC_WARN_UNUSED_VARIABLE = YES;
				IPHONEOS_DEPLOYMENT_TARGET = 11.1;
				MTL_ENABLE_DEBUG_INFO = NO;
				SDKROOT = iphoneos;
				SWIFT_OPTIMIZATION_LEVEL = "-Owholemodule";
				VALIDATE_PRODUCT = YES;
				VERSIONING_SYSTEM = "apple-generic";
				VERSION_INFO_PREFIX = "";
			};
			name = Release;
		};
		B33B98B02044C237000712A6 /* Debug */ = {
			isa = XCBuildConfiguration;
			buildSettings = {
				APPLICATION_EXTENSION_API_ONLY = YES;
				CLANG_ENABLE_MODULES = YES;
				CODE_SIGN_IDENTITY = "";
				CODE_SIGN_STYLE = Automatic;
				DEFINES_MODULE = YES;
				DEVELOPMENT_TEAM = P459Y32P65;
				DYLIB_COMPATIBILITY_VERSION = 1;
				DYLIB_CURRENT_VERSION = 1;
				DYLIB_INSTALL_NAME_BASE = "@rpath";
				FRAMEWORK_SEARCH_PATHS = (
					"$(inherited)",
					"$(PROJECT_DIR)",
				);
				HEADER_SEARCH_PATHS = "$(PROJECT_DIR)/lib/include/**";
				INFOPLIST_FILE = TDLib/Info.plist;
				INSTALL_PATH = "$(LOCAL_LIBRARY_DIR)/Frameworks";
				IPHONEOS_DEPLOYMENT_TARGET = 11.1;
				LD_RUNPATH_SEARCH_PATHS = "$(inherited) @executable_path/Frameworks @loader_path/Frameworks";
				LIBRARY_SEARCH_PATHS = "$(PROJECT_DIR)/lib/lib";
				PRODUCT_BUNDLE_IDENTIFIER = com.leomehlig.TDLib;
				PRODUCT_NAME = "$(TARGET_NAME:c99extidentifier)";
				SKIP_INSTALL = YES;
				SWIFT_INCLUDE_PATHS = "$(PROJECT_DIR)/lib/**";
				SWIFT_OPTIMIZATION_LEVEL = "-Onone";
				SWIFT_VERSION = 4.0;
				TARGETED_DEVICE_FAMILY = "1,2";
			};
			name = Debug;
		};
		B33B98B12044C237000712A6 /* Release */ = {
			isa = XCBuildConfiguration;
			buildSettings = {
				APPLICATION_EXTENSION_API_ONLY = YES;
				CLANG_ENABLE_MODULES = YES;
				CODE_SIGN_IDENTITY = "";
				CODE_SIGN_STYLE = Automatic;
				DEFINES_MODULE = YES;
				DEVELOPMENT_TEAM = P459Y32P65;
				DYLIB_COMPATIBILITY_VERSION = 1;
				DYLIB_CURRENT_VERSION = 1;
				DYLIB_INSTALL_NAME_BASE = "@rpath";
				FRAMEWORK_SEARCH_PATHS = (
					"$(inherited)",
					"$(PROJECT_DIR)",
				);
				HEADER_SEARCH_PATHS = "$(PROJECT_DIR)/lib/include/**";
				INFOPLIST_FILE = TDLib/Info.plist;
				INSTALL_PATH = "$(LOCAL_LIBRARY_DIR)/Frameworks";
				IPHONEOS_DEPLOYMENT_TARGET = 11.1;
				LD_RUNPATH_SEARCH_PATHS = "$(inherited) @executable_path/Frameworks @loader_path/Frameworks";
				LIBRARY_SEARCH_PATHS = "$(PROJECT_DIR)/lib/lib";
				PRODUCT_BUNDLE_IDENTIFIER = com.leomehlig.TDLib;
				PRODUCT_NAME = "$(TARGET_NAME:c99extidentifier)";
				SKIP_INSTALL = YES;
				SWIFT_INCLUDE_PATHS = "$(PROJECT_DIR)/lib/**";
				SWIFT_VERSION = 4.0;
				TARGETED_DEVICE_FAMILY = "1,2";
			};
			name = Release;
		};
		B33B98B32044C237000712A6 /* Debug */ = {
			isa = XCBuildConfiguration;
			buildSettings = {
				ALWAYS_EMBED_SWIFT_STANDARD_LIBRARIES = YES;
				CODE_SIGN_STYLE = Automatic;
				DEVELOPMENT_TEAM = P459Y32P65;
				INFOPLIST_FILE = TDLibTests/Info.plist;
				LD_RUNPATH_SEARCH_PATHS = "$(inherited) @executable_path/Frameworks @loader_path/Frameworks";
				PRODUCT_BUNDLE_IDENTIFIER = com.leomehlig.TDLibTests;
				PRODUCT_NAME = "$(TARGET_NAME)";
				SWIFT_VERSION = 4.0;
				TARGETED_DEVICE_FAMILY = "1,2";
			};
			name = Debug;
		};
		B33B98B42044C237000712A6 /* Release */ = {
			isa = XCBuildConfiguration;
			buildSettings = {
				ALWAYS_EMBED_SWIFT_STANDARD_LIBRARIES = YES;
				CODE_SIGN_STYLE = Automatic;
				DEVELOPMENT_TEAM = P459Y32P65;
				INFOPLIST_FILE = TDLibTests/Info.plist;
				LD_RUNPATH_SEARCH_PATHS = "$(inherited) @executable_path/Frameworks @loader_path/Frameworks";
				PRODUCT_BUNDLE_IDENTIFIER = com.leomehlig.TDLibTests;
				PRODUCT_NAME = "$(TARGET_NAME)";
				SWIFT_VERSION = 4.0;
				TARGETED_DEVICE_FAMILY = "1,2";
			};
			name = Release;
		};
/* End XCBuildConfiguration section */

/* Begin XCConfigurationList section */
		B33B98952044C237000712A6 /* Build configuration list for PBXProject "TDLib" */ = {
			isa = XCConfigurationList;
			buildConfigurations = (
				B33B98AD2044C237000712A6 /* Debug */,
				B33B98AE2044C237000712A6 /* Release */,
			);
			defaultConfigurationIsVisible = 0;
			defaultConfigurationName = Release;
		};
		B33B98AF2044C237000712A6 /* Build configuration list for PBXNativeTarget "TDLib" */ = {
			isa = XCConfigurationList;
			buildConfigurations = (
				B33B98B02044C237000712A6 /* Debug */,
				B33B98B12044C237000712A6 /* Release */,
			);
			defaultConfigurationIsVisible = 0;
			defaultConfigurationName = Release;
		};
		B33B98B22044C237000712A6 /* Build configuration list for PBXNativeTarget "TDLibTests" */ = {
			isa = XCConfigurationList;
			buildConfigurations = (
				B33B98B32044C237000712A6 /* Debug */,
				B33B98B42044C237000712A6 /* Release */,
			);
			defaultConfigurationIsVisible = 0;
			defaultConfigurationName = Release;
		};
/* End XCConfigurationList section */
	};
	rootObject = B33B98922044C237000712A6 /* Project object */;
}
